{
  "originHash" : "282de3e6e8d171f77c7c4dc55369a243bdd998e67380eceb73cfdc3ff2d9015d",
  "pins" : [
    {
      "identity" : "debugswift",
      "kind" : "remoteSourceControl",
      "location" : "https://github.com/DebugSwift/DebugSwift",
      "state" : {
        "revision" : "dcab247caa279bc039513909742f0664c67035d1"
      }
    }
  ],
  "version" : 3
}
