// !$*UTF8*$!
{
	archiveVersion = 1;
	classes = {
	};
	objectVersion = 77;
	objects = {

/* Begin PBXBuildFile section */
		5A90770B2F7142230026035B /* WidgetKit.framework in Frameworks */ = {isa = PBXBuildFile; fileRef = 5A90770A2F7142230026035B /* WidgetKit.framework */; };
		5A90770D2F7142230026035B /* SwiftUI.framework in Frameworks */ = {isa = PBXBuildFile; fileRef = 5A90770C2F7142230026035B /* SwiftUI.framework */; };
		5A90771A2F7142240026035B /* RealityCheckWidgetExtension.appex in Embed Foundation Extensions */ = {isa = PBXBuildFile; fileRef = 5A9077082F7142230026035B /* RealityCheckWidgetExtension.appex */; settings = {ATTRIBUTES = (RemoveHeadersOnCopy, ); }; };
		5AB3283B2F765A36001B409A /* DebugSwift in Frameworks */ = {isa = PBXBuildFile; productRef = 95D755F3518F4EAF8F5E7EC9 /* DebugSwift */; };
/* End PBXBuildFile section */

/* Begin PBXContainerItemProxy section */
		5A9076DA2F7141AA0026035B /* PBXContainerItemProxy */ = {
			isa = PBXContainerItemProxy;
			containerPortal = 5A9076C22F7141A80026035B /* Project object */;
			proxyType = 1;
			remoteGlobalIDString = 5A9076C92F7141A80026035B;
			remoteInfo = RealityCheck;
		};
		5A9076E42F7141AA0026035B /* PBXContainerItemProxy */ = {
			isa = PBXContainerItemProxy;
			containerPortal = 5A9076C22F7141A80026035B /* Project object */;
			proxyType = 1;
			remoteGlobalIDString = 5A9076C92F7141A80026035B;
			remoteInfo = RealityCheck;
		};
		5A9077182F7142240026035B /* PBXContainerItemProxy */ = {
			isa = PBXContainerItemProxy;
			containerPortal = 5A9076C22F7141A80026035B /* Project object */;
			proxyType = 1;
			remoteGlobalIDString = 5A9077072F7142230026035B;
			remoteInfo = RealityCheckWidgetExtension;
		};
/* End PBXContainerItemProxy section */

/* Begin PBXCopyFilesBuildPhase section */
		5A90771B2F7142240026035B /* Embed Foundation Extensions */ = {
			isa = PBXCopyFilesBuildPhase;
			buildActionMask = 2147483647;
			dstPath = "";
			dstSubfolderSpec = 13;
			files = (
				5A90771A2F7142240026035B /* RealityCheckWidgetExtension.appex in Embed Foundation Extensions */,
			);
			name = "Embed Foundation Extensions";
			runOnlyForDeploymentPostprocessing = 0;
		};
/* End PBXCopyFilesBuildPhase section */

/* Begin PBXFileReference section */
		5A0079E22F73E3020076ECB1 /* RealityCheck.xcodeproj */ = {isa = PBXFileReference; lastKnownFileType = "wrapper.pb-project"; path = RealityCheck.xcodeproj; sourceTree = "<group>"; };
		5A9076CA2F7141A80026035B /* RealityCheck.app */ = {isa = PBXFileReference; explicitFileType = wrapper.application; includeInIndex = 0; path = RealityCheck.app; sourceTree = BUILT_PRODUCTS_DIR; };
		5A9076D92F7141AA0026035B /* RealityCheckTests.xctest */ = {isa = PBXFileReference; explicitFileType = wrapper.cfbundle; includeInIndex = 0; path = RealityCheckTests.xctest; sourceTree = BUILT_PRODUCTS_DIR; };
		5A9076E32F7141AA0026035B /* RealityCheckUITests.xctest */ = {isa = PBXFileReference; explicitFileType = wrapper.cfbundle; includeInIndex = 0; path = RealityCheckUITests.xctest; sourceTree = BUILT_PRODUCTS_DIR; };
		5A9077082F7142230026035B /* RealityCheckWidgetExtension.appex */ = {isa = PBXFileReference; explicitFileType = "wrapper.app-extension"; includeInIndex = 0; path = RealityCheckWidgetExtension.appex; sourceTree = BUILT_PRODUCTS_DIR; };
		5A90770A2F7142230026035B /* WidgetKit.framework */ = {isa = PBXFileReference; lastKnownFileType = wrapper.framework; name = WidgetKit.framework; path = System/Library/Frameworks/WidgetKit.framework; sourceTree = SDKROOT; };
		5A90770C2F7142230026035B /* SwiftUI.framework */ = {isa = PBXFileReference; lastKnownFileType = wrapper.framework; name = SwiftUI.framework; path = System/Library/Frameworks/SwiftUI.framework; sourceTree = SDKROOT; };
		5AB328642F765A36001B409A /* RealityCheck.xcodeproj */ = {isa = PBXFileReference; lastKnownFileType = "wrapper.pb-project"; path = RealityCheck.xcodeproj; sourceTree = "<group>"; };
/* End PBXFileReference section */

/* Begin PBXFileSystemSynchronizedBuildFileExceptionSet section */
		5A90771E2F7142240026035B /* Exceptions for "RealityCheckWidget" folder in "RealityCheckWidgetExtension" target */ = {
			isa = PBXFileSystemSynchronizedBuildFileExceptionSet;
			membershipExceptions = (
				Info.plist,
			);
			target = 5A9077072F7142230026035B /* RealityCheckWidgetExtension */;
		};
/* End PBXFileSystemSynchronizedBuildFileExceptionSet section */

/* Begin PBXFileSystemSynchronizedRootGroup section */
		5A9076CC2F7141A80026035B /* RealityCheck */ = {
			isa = PBXFileSystemSynchronizedRootGroup;
			path = RealityCheck;
			sourceTree = "<group>";
		};
		5A9076DC2F7141AA0026035B /* RealityCheckTests */ = {
			isa = PBXFileSystemSynchronizedRootGroup;
			path = RealityCheckTests;
			sourceTree = "<group>";
		};
		5A9076E62F7141AA0026035B /* RealityCheckUITests */ = {
			isa = PBXFileSystemSynchronizedRootGroup;
			path = RealityCheckUITests;
			sourceTree = "<group>";
		};
		5A90770E2F7142230026035B /* RealityCheckWidget */ = {
			isa = PBXFileSystemSynchronizedRootGroup;
			exceptions = (
				5A90771E2F7142240026035B /* Exceptions for "RealityCheckWidget" folder in "RealityCheckWidgetExtension" target */,
			);
			path = RealityCheckWidget;
			sourceTree = "<group>";
		};
/* End PBXFileSystemSynchronizedRootGroup section */

/* Begin PBXFrameworksBuildPhase section */
		5A9076C72F7141A80026035B /* Frameworks */ = {
			isa = PBXFrameworksBuildPhase;
			buildActionMask = 2147483647;
			files = (
				5AB3283B2F765A36001B409A /* DebugSwift in Frameworks */,
			);
			runOnlyForDeploymentPostprocessing = 0;
		};
		5A9076D62F7141AA0026035B /* Frameworks */ = {
			isa = PBXFrameworksBuildPhase;
			buildActionMask = 2147483647;
			files = (
			);
			runOnlyForDeploymentPostprocessing = 0;
		};
		5A9076E02F7141AA0026035B /* Frameworks */ = {
			isa = PBXFrameworksBuildPhase;
			buildActionMask = 2147483647;
			files = (
			);
			runOnlyForDeploymentPostprocessing = 0;
		};
		5A9077052F7142230026035B /* Frameworks */ = {
			isa = PBXFrameworksBuildPhase;
			buildActionMask = 2147483647;
			files = (
				5A90770D2F7142230026035B /* SwiftUI.framework in Frameworks */,
				5A90770B2F7142230026035B /* WidgetKit.framework in Frameworks */,
			);
			runOnlyForDeploymentPostprocessing = 0;
		};
/* End PBXFrameworksBuildPhase section */

/* Begin PBXGroup section */
		5A0079E42F73E3020076ECB1 /* Products */ = {
			isa = PBXGroup;
			name = Products;
			sourceTree = "<group>";
		};
		5A9076C12F7141A80026035B = {
			isa = PBXGroup;
			children = (
				5A9076CC2F7141A80026035B /* RealityCheck */,
				5A9076DC2F7141AA0026035B /* RealityCheckTests */,
				5A9076E62F7141AA0026035B /* RealityCheckUITests */,
				5A90770E2F7142230026035B /* RealityCheckWidget */,
				5A9077092F7142230026035B /* Frameworks */,
				5A9076CB2F7141A80026035B /* Products */,
			);
			sourceTree = "<group>";
		};
		5A9076CB2F7141A80026035B /* Products */ = {
			isa = PBXGroup;
			children = (
				5A9076CA2F7141A80026035B /* RealityCheck.app */,
				5A9076D92F7141AA0026035B /* RealityCheckTests.xctest */,
				5A9076E32F7141AA0026035B /* RealityCheckUITests.xctest */,
				5A9077082F7142230026035B /* RealityCheckWidgetExtension.appex */,
			);
			name = Products;
			sourceTree = "<group>";
		};
		5A9077092F7142230026035B /* Frameworks */ = {
			isa = PBXGroup;
			children = (
				5A90770A2F7142230026035B /* WidgetKit.framework */,
				5A90770C2F7142230026035B /* SwiftUI.framework */,
			);
			name = Frameworks;
			sourceTree = "<group>";
		};
		5AB328652F765A36001B409A /* Products */ = {
			isa = PBXGroup;
			name = Products;
			sourceTree = "<group>";
		};
/* End PBXGroup section */

/* Begin PBXNativeTarget section */
		5A9076C92F7141A80026035B /* RealityCheck */ = {
			isa = PBXNativeTarget;
			buildConfigurationList = 5A9076ED2F7141AA0026035B /* Build configuration list for PBXNativeTarget "RealityCheck" */;
			buildPhases = (
				5A9076C62F7141A80026035B /* Sources */,
				5A9076C72F7141A80026035B /* Frameworks */,
				5A9076C82F7141A80026035B /* Resources */,
				5A90771B2F7142240026035B /* Embed Foundation Extensions */,
			);
			buildRules = (
			);
			dependencies = (
				5A9077192F7142240026035B /* PBXTargetDependency */,
			);
			fileSystemSynchronizedGroups = (
				5A9076CC2F7141A80026035B /* RealityCheck */,
			);
			name = RealityCheck;
			packageProductDependencies = (
				95D755F3518F4EAF8F5E7EC9 /* DebugSwift */,
			);
			productName = RealityCheck;
			productReference = 5A9076CA2F7141A80026035B /* RealityCheck.app */;
			productType = "com.apple.product-type.application";
		};
		5A9076D82F7141AA0026035B /* RealityCheckTests */ = {
			isa = PBXNativeTarget;
			buildConfigurationList = 5A9076F02F7141AA0026035B /* Build configuration list for PBXNativeTarget "RealityCheckTests" */;
			buildPhases = (
				5A9076D52F7141AA0026035B /* Sources */,
				5A9076D62F7141AA0026035B /* Frameworks */,
				5A9076D72F7141AA0026035B /* Resources */,
			);
			buildRules = (
			);
			dependencies = (
				5A9076DB2F7141AA0026035B /* PBXTargetDependency */,
			);
			fileSystemSynchronizedGroups = (
				5A9076DC2F7141AA0026035B /* RealityCheckTests */,
			);
			name = RealityCheckTests;
			packageProductDependencies = (
			);
			productName = RealityCheckTests;
			productReference = 5A9076D92F7141AA0026035B /* RealityCheckTests.xctest */;
			productType = "com.apple.product-type.bundle.unit-test";
		};
		5A9076E22F7141AA0026035B /* RealityCheckUITests */ = {
			isa = PBXNativeTarget;
			buildConfigurationList = 5A9076F32F7141AA0026035B /* Build configuration list for PBXNativeTarget "RealityCheckUITests" */;
			buildPhases = (
				5A9076DF2F7141AA0026035B /* Sources */,
				5A9076E02F7141AA0026035B /* Frameworks */,
				5A9076E12F7141AA0026035B /* Resources */,
			);
			buildRules = (
			);
			dependencies = (
				5A9076E52F7141AA0026035B /* PBXTargetDependency */,
			);
			fileSystemSynchronizedGroups = (
				5A9076E62F7141AA0026035B /* RealityCheckUITests */,
			);
			name = RealityCheckUITests;
			packageProductDependencies = (
			);
			productName = RealityCheckUITests;
			productReference = 5A9076E32F7141AA0026035B /* RealityCheckUITests.xctest */;
			productType = "com.apple.product-type.bundle.ui-testing";
		};
		5A9077072F7142230026035B /* RealityCheckWidgetExtension */ = {
			isa = PBXNativeTarget;
			buildConfigurationList = 5A90771F2F7142240026035B /* Build configuration list for PBXNativeTarget "RealityCheckWidgetExtension" */;
			buildPhases = (
				5A9077042F7142230026035B /* Sources */,
				5A9077052F7142230026035B /* Frameworks */,
				5A9077062F7142230026035B /* Resources */,
			);
			buildRules = (
			);
			dependencies = (
			);
			fileSystemSynchronizedGroups = (
				5A90770E2F7142230026035B /* RealityCheckWidget */,
			);
			name = RealityCheckWidgetExtension;
			packageProductDependencies = (
			);
			productName = RealityCheckWidgetExtension;
			productReference = 5A9077082F7142230026035B /* RealityCheckWidgetExtension.appex */;
			productType = "com.apple.product-type.app-extension";
		};
/* End PBXNativeTarget section */

/* Begin PBXProject section */
		5A9076C22F7141A80026035B /* Project object */ = {
			isa = PBXProject;
			attributes = {
				BuildIndependentTargetsInParallel = 1;
				LastSwiftUpdateCheck = 2630;
				LastUpgradeCheck = 2630;
				TargetAttributes = {
					5A9076C92F7141A80026035B = {
						CreatedOnToolsVersion = 26.3;
					};
					5A9076D82F7141AA0026035B = {
						CreatedOnToolsVersion = 26.3;
						TestTargetID = 5A9076C92F7141A80026035B;
					};
					5A9076E22F7141AA0026035B = {
						CreatedOnToolsVersion = 26.3;
						TestTargetID = 5A9076C92F7141A80026035B;
					};
					5A9077072F7142230026035B = {
						CreatedOnToolsVersion = 26.3;
					};
				};
			};
			buildConfigurationList = 5A9076C52F7141A80026035B /* Build configuration list for PBXProject "RealityCheck" */;
			developmentRegion = en;
			hasScannedForEncodings = 0;
			knownRegions = (
				en,
				vi,
				Base,
			);
			mainGroup = 5A9076C12F7141A80026035B;
			minimizedProjectReferenceProxies = 1;
			packageReferences = (
				F3A5D6AD2E67424E87133DBA /* XCRemoteSwiftPackageReference "DebugSwift" */,
				F4E54217D5BF435194F51ACC /* XCRemoteSwiftPackageReference "SwiftLint" */,
			);
			preferredProjectObjectVersion = 77;
			productRefGroup = 5A9076CB2F7141A80026035B /* Products */;
			projectDirPath = "";
			projectReferences = (
				{
					ProductGroup = 5AB328652F765A36001B409A /* Products */;
					ProjectRef = 5AB328642F765A36001B409A /* RealityCheck.xcodeproj */;
				},
				{
					ProductGroup = 5A0079E42F73E3020076ECB1 /* Products */;
					ProjectRef = 5A0079E22F73E3020076ECB1 /* RealityCheck.xcodeproj */;
				},
			);
			projectRoot = "";
			targets = (
				5A9076C92F7141A80026035B /* RealityCheck */,
				5A9076D82F7141AA0026035B /* RealityCheckTests */,
				5A9076E22F7141AA0026035B /* RealityCheckUITests */,
				5A9077072F7142230026035B /* RealityCheckWidgetExtension */,
			);
		};
/* End PBXProject section */

/* Begin PBXResourcesBuildPhase section */
		5A9076C82F7141A80026035B /* Resources */ = {
			isa = PBXResourcesBuildPhase;
			buildActionMask = 2147483647;
			files = (
			);
			runOnlyForDeploymentPostprocessing = 0;
		};
		5A9076D72F7141AA0026035B /* Resources */ = {
			isa = PBXResourcesBuildPhase;
			buildActionMask = 2147483647;
			files = (
			);
			runOnlyForDeploymentPostprocessing = 0;
		};
		5A9076E12F7141AA0026035B /* Resources */ = {
			isa = PBXResourcesBuildPhase;
			buildActionMask = 2147483647;
			files = (
			);
			runOnlyForDeploymentPostprocessing = 0;
		};
		5A9077062F7142230026035B /* Resources */ = {
			isa = PBXResourcesBuildPhase;
			buildActionMask = 2147483647;
			files = (
			);
			runOnlyForDeploymentPostprocessing = 0;
		};
/* End PBXResourcesBuildPhase section */

/* Begin PBXSourcesBuildPhase section */
		5A9076C62F7141A80026035B /* Sources */ = {
			isa = PBXSourcesBuildPhase;
			buildActionMask = 2147483647;
			files = (
			);
			runOnlyForDeploymentPostprocessing = 0;
		};
		5A9076D52F7141AA0026035B /* Sources */ = {
			isa = PBXSourcesBuildPhase;
			buildActionMask = 2147483647;
			files = (
			);
			runOnlyForDeploymentPostprocessing = 0;
		};
		5A9076DF2F7141AA0026035B /* Sources */ = {
			isa = PBXSourcesBuildPhase;
			buildActionMask = 2147483647;
			files = (
			);
			runOnlyForDeploymentPostprocessing = 0;
		};
		5A9077042F7142230026035B /* Sources */ = {
			isa = PBXSourcesBuildPhase;
			buildActionMask = 2147483647;
			files = (
			);
			runOnlyForDeploymentPostprocessing = 0;
		};
/* End PBXSourcesBuildPhase section */

/* Begin PBXTargetDependency section */
		5A9076DB2F7141AA0026035B /* PBXTargetDependency */ = {
			isa = PBXTargetDependency;
			target = 5A9076C92F7141A80026035B /* RealityCheck */;
			targetProxy = 5A9076DA2F7141AA0026035B /* PBXContainerItemProxy */;
		};
		5A9076E52F7141AA0026035B /* PBXTargetDependency */ = {
			isa = PBXTargetDependency;
			target = 5A9076C92F7141A80026035B /* RealityCheck */;
			targetProxy = 5A9076E42F7141AA0026035B /* PBXContainerItemProxy */;
		};
		5A9077192F7142240026035B /* PBXTargetDependency */ = {
			isa = PBXTargetDependency;
			target = 5A9077072F7142230026035B /* RealityCheckWidgetExtension */;
			targetProxy = 5A9077182F7142240026035B /* PBXContainerItemProxy */;
		};
/* End PBXTargetDependency section */

/* Begin XCBuildConfiguration section */
		5A9076EB2F7141AA0026035B /* Debug */ = {
			isa = XCBuildConfiguration;
			buildSettings = {
				ALWAYS_SEARCH_USER_PATHS = NO;
				ASSETCATALOG_COMPILER_GENERATE_SWIFT_ASSET_SYMBOL_EXTENSIONS = YES;
				CLANG_ANALYZER_NONNULL = YES;
				CLANG_ANALYZER_NUMBER_OBJECT_CONVERSION = YES_AGGRESSIVE;
				CLANG_CXX_LANGUAGE_STANDARD = "gnu++20";
				CLANG_ENABLE_MODULES = YES;
				CLANG_ENABLE_OBJC_ARC = YES;
				CLANG_ENABLE_OBJC_WEAK = YES;
				CLANG_WARN_BLOCK_CAPTURE_AUTORELEASING = YES;
				CLANG_WARN_BOOL_CONVERSION = YES;
				CLANG_WARN_COMMA = YES;
				CLANG_WARN_CONSTANT_CONVERSION = YES;
				CLANG_WARN_DEPRECATED_OBJC_IMPLEMENTATIONS = YES;
				CLANG_WARN_DIRECT_OBJC_ISA_USAGE = YES_ERROR;
				CLANG_WARN_DOCUMENTATION_COMMENTS = YES;
				CLANG_WARN_EMPTY_BODY = YES;
				CLANG_WARN_ENUM_CONVERSION = YES;
				CLANG_WARN_INFINITE_RECURSION = YES;
				CLANG_WARN_INT_CONVERSION = YES;
				CLANG_WARN_NON_LITERAL_NULL_CONVERSION = YES;
				CLANG_WARN_OBJC_IMPLICIT_RETAIN_SELF = YES;
				CLANG_WARN_OBJC_LITERAL_CONVERSION = YES;
				CLANG_WARN_OBJC_ROOT_CLASS = YES_ERROR;
				CLANG_WARN_QUOTED_INCLUDE_IN_FRAMEWORK_HEADER = YES;
				CLANG_WARN_RANGE_LOOP_ANALYSIS = YES;
				CLANG_WARN_STRICT_PROTOTYPES = YES;
				CLANG_WARN_SUSPICIOUS_MOVE = YES;
				CLANG_WARN_UNGUARDED_AVAILABILITY = YES_AGGRESSIVE;
				CLANG_WARN_UNREACHABLE_CODE = YES;
				CLANG_WARN__DUPLICATE_METHOD_MATCH = YES;
				COPY_PHASE_STRIP = NO;
				DEBUG_INFORMATION_FORMAT = dwarf;
				ENABLE_STRICT_OBJC_MSGSEND = YES;
				ENABLE_TESTABILITY = YES;
				ENABLE_USER_SCRIPT_SANDBOXING = YES;
				GCC_C_LANGUAGE_STANDARD = gnu17;
				GCC_DYNAMIC_NO_PIC = NO;
				GCC_NO_COMMON_BLOCKS = YES;
				GCC_OPTIMIZATION_LEVEL = 0;
				GCC_PREPROCESSOR_DEFINITIONS = (
					"DEBUG=1",
					"$(inherited)",
				);
				GCC_WARN_64_TO_32_BIT_CONVERSION = YES;
				GCC_WARN_ABOUT_RETURN_TYPE = YES_ERROR;
				GCC_WARN_UNDECLARED_SELECTOR = YES;
				GCC_WARN_UNINITIALIZED_AUTOS = YES_AGGRESSIVE;
				GCC_WARN_UNUSED_FUNCTION = YES;
				GCC_WARN_UNUSED_VARIABLE = YES;
				LOCALIZATION_PREFERS_STRING_CATALOGS = YES;
				MTL_ENABLE_DEBUG_INFO = INCLUDE_SOURCE;
				MTL_FAST_MATH = YES;
				ONLY_ACTIVE_ARCH = YES;
				SWIFT_ACTIVE_COMPILATION_CONDITIONS = "DEBUG $(inherited)";
				SWIFT_OPTIMIZATION_LEVEL = "-Onone";
			};
			name = Debug;
		};
		5A9076EC2F7141AA0026035B /* Release */ = {
			isa = XCBuildConfiguration;
			buildSettings = {
				ALWAYS_SEARCH_USER_PATHS = NO;
				ASSETCATALOG_COMPILER_GENERATE_SWIFT_ASSET_SYMBOL_EXTENSIONS = YES;
				CLANG_ANALYZER_NONNULL = YES;
				CLANG_ANALYZER_NUMBER_OBJECT_CONVERSION = YES_AGGRESSIVE;
				CLANG_CXX_LANGUAGE_STANDARD = "gnu++20";
				CLANG_ENABLE_MODULES = YES;
				CLANG_ENABLE_OBJC_ARC = YES;
				CLANG_ENABLE_OBJC_WEAK = YES;
				CLANG_WARN_BLOCK_CAPTURE_AUTORELEASING = YES;
				CLANG_WARN_BOOL_CONVERSION = YES;
				CLANG_WARN_COMMA = YES;
				CLANG_WARN_CONSTANT_CONVERSION = YES;
				CLANG_WARN_DEPRECATED_OBJC_IMPLEMENTATIONS = YES;
				CLANG_WARN_DIRECT_OBJC_ISA_USAGE = YES_ERROR;
				CLANG_WARN_DOCUMENTATION_COMMENTS = YES;
				CLANG_WARN_EMPTY_BODY = YES;
				CLANG_WARN_ENUM_CONVERSION = YES;
				CLANG_WARN_INFINITE_RECURSION = YES;
				CLANG_WARN_INT_CONVERSION = YES;
				CLANG_WARN_NON_LITERAL_NULL_CONVERSION = YES;
				CLANG_WARN_OBJC_IMPLICIT_RETAIN_SELF = YES;
				CLANG_WARN_OBJC_LITERAL_CONVERSION = YES;
				CLANG_WARN_OBJC_ROOT_CLASS = YES_ERROR;
				CLANG_WARN_QUOTED_INCLUDE_IN_FRAMEWORK_HEADER = YES;
				CLANG_WARN_RANGE_LOOP_ANALYSIS = YES;
				CLANG_WARN_STRICT_PROTOTYPES = YES;
				CLANG_WARN_SUSPICIOUS_MOVE = YES;
				CLANG_WARN_UNGUARDED_AVAILABILITY = YES_AGGRESSIVE;
				CLANG_WARN_UNREACHABLE_CODE = YES;
				CLANG_WARN__DUPLICATE_METHOD_MATCH = YES;
				COPY_PHASE_STRIP = NO;
				DEBUG_INFORMATION_FORMAT = "dwarf-with-dsym";
				ENABLE_NS_ASSERTIONS = NO;
				ENABLE_STRICT_OBJC_MSGSEND = YES;
				ENABLE_USER_SCRIPT_SANDBOXING = YES;
				GCC_C_LANGUAGE_STANDARD = gnu17;
				GCC_NO_COMMON_BLOCKS = YES;
				GCC_WARN_64_TO_32_BIT_CONVERSION = YES;
				GCC_WARN_ABOUT_RETURN_TYPE = YES_ERROR;
				GCC_WARN_UNDECLARED_SELECTOR = YES;
				GCC_WARN_UNINITIALIZED_AUTOS = YES_AGGRESSIVE;
				GCC_WARN_UNUSED_FUNCTION = YES;
				GCC_WARN_UNUSED_VARIABLE = YES;
				LOCALIZATION_PREFERS_STRING_CATALOGS = YES;
				MTL_ENABLE_DEBUG_INFO = NO;
				MTL_FAST_MATH = YES;
				SWIFT_COMPILATION_MODE = wholemodule;
			};
			name = Release;
		};
		5A9076EE2F7141AA0026035B /* Debug */ = {
			isa = XCBuildConfiguration;
			buildSettings = {
				ASSETCATALOG_COMPILER_APPICON_NAME = AppIcon;
				ASSETCATALOG_COMPILER_GLOBAL_ACCENT_COLOR_NAME = AccentColor;
				"CODE_SIGN_IDENTITY[sdk=macosx*]" = "Apple Development";
				CODE_SIGN_STYLE = Automatic;
				CURRENT_PROJECT_VERSION = 1;
				DEVELOPMENT_TEAM = 444A3X9Q2Y;
				ENABLE_APP_SANDBOX = YES;
				ENABLE_PREVIEWS = YES;
				ENABLE_USER_SELECTED_FILES = readonly;
				GENERATE_INFOPLIST_FILE = YES;
				INFOPLIST_KEY_CFBundleLocalizations = "en vi";
				INFOPLIST_KEY_LSUIElement = YES;
				"INFOPLIST_KEY_UIApplicationSceneManifest_Generation[sdk=iphoneos*]" = YES;
				"INFOPLIST_KEY_UIApplicationSceneManifest_Generation[sdk=iphonesimulator*]" = YES;
				"INFOPLIST_KEY_UIApplicationSupportsIndirectInputEvents[sdk=iphoneos*]" = YES;
				"INFOPLIST_KEY_UIApplicationSupportsIndirectInputEvents[sdk=iphonesimulator*]" = YES;
				"INFOPLIST_KEY_UILaunchScreen_Generation[sdk=iphoneos*]" = YES;
				"INFOPLIST_KEY_UILaunchScreen_Generation[sdk=iphonesimulator*]" = YES;
				"INFOPLIST_KEY_UIStatusBarStyle[sdk=iphoneos*]" = UIStatusBarStyleDefault;
				"INFOPLIST_KEY_UIStatusBarStyle[sdk=iphonesimulator*]" = UIStatusBarStyleDefault;
				INFOPLIST_KEY_UISupportedInterfaceOrientations_iPad = "UIInterfaceOrientationPortrait UIInterfaceOrientationPortraitUpsideDown UIInterfaceOrientationLandscapeLeft UIInterfaceOrientationLandscapeRight";
				INFOPLIST_KEY_UISupportedInterfaceOrientations_iPhone = "UIInterfaceOrientationPortrait UIInterfaceOrientationLandscapeLeft UIInterfaceOrientationLandscapeRight";
				IPHONEOS_DEPLOYMENT_TARGET = 26.2;
				LD_RUNPATH_SEARCH_PATHS = "@executable_path/Frameworks";
				"LD_RUNPATH_SEARCH_PATHS[sdk=macosx*]" = "@executable_path/../Frameworks";
				MACOSX_DEPLOYMENT_TARGET = 26.2;
				MARKETING_VERSION = 1.0;
				PRODUCT_BUNDLE_IDENTIFIER = com.quannh.RealityCheck;
				PRODUCT_NAME = "$(TARGET_NAME)";
				REGISTER_APP_GROUPS = YES;
				SDKROOT = auto;
				STRING_CATALOG_GENERATE_SYMBOLS = YES;
				SUPPORTED_PLATFORMS = "iphoneos iphonesimulator macosx xros xrsimulator";
				SWIFT_APPROACHABLE_CONCURRENCY = YES;
				SWIFT_DEFAULT_ACTOR_ISOLATION = MainActor;
				SWIFT_EMIT_LOC_STRINGS = YES;
				SWIFT_UPCOMING_FEATURE_MEMBER_IMPORT_VISIBILITY = YES;
				SWIFT_VERSION = 5.0;
				TARGETED_DEVICE_FAMILY = "1,2,7";
				XROS_DEPLOYMENT_TARGET = 26.2;
			};
			name = Debug;
		};
		5A9076EF2F7141AA0026035B /* Release */ = {
			isa = XCBuildConfiguration;
			buildSettings = {
				ASSETCATALOG_COMPILER_APPICON_NAME = AppIcon;
				ASSETCATALOG_COMPILER_GLOBAL_ACCENT_COLOR_NAME = AccentColor;
				"CODE_SIGN_IDENTITY[sdk=macosx*]" = "Apple Development";
				CODE_SIGN_STYLE = Automatic;
				CURRENT_PROJECT_VERSION = 1;
				DEVELOPMENT_TEAM = 444A3X9Q2Y;
				ENABLE_APP_SANDBOX = YES;
				ENABLE_PREVIEWS = YES;
				ENABLE_USER_SELECTED_FILES = readonly;
				GENERATE_INFOPLIST_FILE = YES;
				INFOPLIST_KEY_CFBundleLocalizations = "en vi";
				INFOPLIST_KEY_LSUIElement = YES;
				"INFOPLIST_KEY_UIApplicationSceneManifest_Generation[sdk=iphoneos*]" = YES;
				"INFOPLIST_KEY_UIApplicationSceneManifest_Generation[sdk=iphonesimulator*]" = YES;
				"INFOPLIST_KEY_UIApplicationSupportsIndirectInputEvents[sdk=iphoneos*]" = YES;
				"INFOPLIST_KEY_UIApplicationSupportsIndirectInputEvents[sdk=iphonesimulator*]" = YES;
				"INFOPLIST_KEY_UILaunchScreen_Generation[sdk=iphoneos*]" = YES;
				"INFOPLIST_KEY_UILaunchScreen_Generation[sdk=iphonesimulator*]" = YES;
				"INFOPLIST_KEY_UIStatusBarStyle[sdk=iphoneos*]" = UIStatusBarStyleDefault;
				"INFOPLIST_KEY_UIStatusBarStyle[sdk=iphonesimulator*]" = UIStatusBarStyleDefault;
				INFOPLIST_KEY_UISupportedInterfaceOrientations_iPad = "UIInterfaceOrientationPortrait UIInterfaceOrientationPortraitUpsideDown UIInterfaceOrientationLandscapeLeft UIInterfaceOrientationLandscapeRight";
				INFOPLIST_KEY_UISupportedInterfaceOrientations_iPhone = "UIInterfaceOrientationPortrait UIInterfaceOrientationLandscapeLeft UIInterfaceOrientationLandscapeRight";
				IPHONEOS_DEPLOYMENT_TARGET = 26.2;
				LD_RUNPATH_SEARCH_PATHS = "@executable_path/Frameworks";
				"LD_RUNPATH_SEARCH_PATHS[sdk=macosx*]" = "@executable_path/../Frameworks";
				MACOSX_DEPLOYMENT_TARGET = 26.2;
				MARKETING_VERSION = 1.0;
				PRODUCT_BUNDLE_IDENTIFIER = com.quannh.RealityCheck;
				PRODUCT_NAME = "$(TARGET_NAME)";
				REGISTER_APP_GROUPS = YES;
				SDKROOT = auto;
				STRING_CATALOG_GENERATE_SYMBOLS = YES;
				SUPPORTED_PLATFORMS = "iphoneos iphonesimulator macosx xros xrsimulator";
				SWIFT_APPROACHABLE_CONCURRENCY = YES;
				SWIFT_DEFAULT_ACTOR_ISOLATION = MainActor;
				SWIFT_EMIT_LOC_STRINGS = YES;
				SWIFT_UPCOMING_FEATURE_MEMBER_IMPORT_VISIBILITY = YES;
				SWIFT_VERSION = 5.0;
				TARGETED_DEVICE_FAMILY = "1,2,7";
				XROS_DEPLOYMENT_TARGET = 26.2;
			};
			name = Release;
		};
		5A9076F12F7141AA0026035B /* Debug */ = {
			isa = XCBuildConfiguration;
			buildSettings = {
				BUNDLE_LOADER = "$(TEST_HOST)";
				CODE_SIGN_STYLE = Automatic;
				CURRENT_PROJECT_VERSION = 1;
				DEVELOPMENT_TEAM = 444A3X9Q2Y;
				GENERATE_INFOPLIST_FILE = YES;
				IPHONEOS_DEPLOYMENT_TARGET = 26.2;
				MACOSX_DEPLOYMENT_TARGET = 26.2;
				MARKETING_VERSION = 1.0;
				PRODUCT_BUNDLE_IDENTIFIER = com.quannh.RealityCheckTests;
				PRODUCT_NAME = "$(TARGET_NAME)";
				SDKROOT = auto;
				STRING_CATALOG_GENERATE_SYMBOLS = NO;
				SUPPORTED_PLATFORMS = "iphoneos iphonesimulator macosx xros xrsimulator";
				SWIFT_APPROACHABLE_CONCURRENCY = YES;
				SWIFT_EMIT_LOC_STRINGS = NO;
				SWIFT_UPCOMING_FEATURE_MEMBER_IMPORT_VISIBILITY = YES;
				SWIFT_VERSION = 5.0;
				TARGETED_DEVICE_FAMILY = "1,2,7";
				TEST_HOST = "$(BUILT_PRODUCTS_DIR)/RealityCheck.app/$(BUNDLE_EXECUTABLE_FOLDER_PATH)/RealityCheck";
				XROS_DEPLOYMENT_TARGET = 26.2;
			};
			name = Debug;
		};
		5A9076F22F7141AA0026035B /* Release */ = {
			isa = XCBuildConfiguration;
			buildSettings = {
				BUNDLE_LOADER = "$(TEST_HOST)";
				CODE_SIGN_STYLE = Automatic;
				CURRENT_PROJECT_VERSION = 1;
				DEVELOPMENT_TEAM = 444A3X9Q2Y;
				GENERATE_INFOPLIST_FILE = YES;
				IPHONEOS_DEPLOYMENT_TARGET = 26.2;
				MACOSX_DEPLOYMENT_TARGET = 26.2;
				MARKETING_VERSION = 1.0;
				PRODUCT_BUNDLE_IDENTIFIER = com.quannh.RealityCheckTests;
				PRODUCT_NAME = "$(TARGET_NAME)";
				SDKROOT = auto;
				STRING_CATALOG_GENERATE_SYMBOLS = NO;
				SUPPORTED_PLATFORMS = "iphoneos iphonesimulator macosx xros xrsimulator";
				SWIFT_APPROACHABLE_CONCURRENCY = YES;
				SWIFT_EMIT_LOC_STRINGS = NO;
				SWIFT_UPCOMING_FEATURE_MEMBER_IMPORT_VISIBILITY = YES;
				SWIFT_VERSION = 5.0;
				TARGETED_DEVICE_FAMILY = "1,2,7";
				TEST_HOST = "$(BUILT_PRODUCTS_DIR)/RealityCheck.app/$(BUNDLE_EXECUTABLE_FOLDER_PATH)/RealityCheck";
				XROS_DEPLOYMENT_TARGET = 26.2;
			};
			name = Release;
		};
		5A9076F42F7141AA0026035B /* Debug */ = {
			isa = XCBuildConfiguration;
			buildSettings = {
				CODE_SIGN_STYLE = Automatic;
				CURRENT_PROJECT_VERSION = 1;
				DEVELOPMENT_TEAM = 444A3X9Q2Y;
				GENERATE_INFOPLIST_FILE = YES;
				IPHONEOS_DEPLOYMENT_TARGET = 26.2;
				MACOSX_DEPLOYMENT_TARGET = 26.2;
				MARKETING_VERSION = 1.0;
				PRODUCT_BUNDLE_IDENTIFIER = com.quannh.RealityCheckUITests;
				PRODUCT_NAME = "$(TARGET_NAME)";
				SDKROOT = auto;
				STRING_CATALOG_GENERATE_SYMBOLS = NO;
				SUPPORTED_PLATFORMS = "iphoneos iphonesimulator macosx xros xrsimulator";
				SWIFT_APPROACHABLE_CONCURRENCY = YES;
				SWIFT_EMIT_LOC_STRINGS = NO;
				SWIFT_UPCOMING_FEATURE_MEMBER_IMPORT_VISIBILITY = YES;
				SWIFT_VERSION = 5.0;
				TARGETED_DEVICE_FAMILY = "1,2,7";
				TEST_TARGET_NAME = RealityCheck;
				XROS_DEPLOYMENT_TARGET = 26.2;
			};
			name = Debug;
		};
		5A9076F52F7141AA0026035B /* Release */ = {
			isa = XCBuildConfiguration;
			buildSettings = {
				CODE_SIGN_STYLE = Automatic;
				CURRENT_PROJECT_VERSION = 1;
				DEVELOPMENT_TEAM = 444A3X9Q2Y;
				GENERATE_INFOPLIST_FILE = YES;
				IPHONEOS_DEPLOYMENT_TARGET = 26.2;
				MACOSX_DEPLOYMENT_TARGET = 26.2;
				MARKETING_VERSION = 1.0;
				PRODUCT_BUNDLE_IDENTIFIER = com.quannh.RealityCheckUITests;
				PRODUCT_NAME = "$(TARGET_NAME)";
				SDKROOT = auto;
				STRING_CATALOG_GENERATE_SYMBOLS = NO;
				SUPPORTED_PLATFORMS = "iphoneos iphonesimulator macosx xros xrsimulator";
				SWIFT_APPROACHABLE_CONCURRENCY = YES;
				SWIFT_EMIT_LOC_STRINGS = NO;
				SWIFT_UPCOMING_FEATURE_MEMBER_IMPORT_VISIBILITY = YES;
				SWIFT_VERSION = 5.0;
				TARGETED_DEVICE_FAMILY = "1,2,7";
				TEST_TARGET_NAME = RealityCheck;
				XROS_DEPLOYMENT_TARGET = 26.2;
			};
			name = Release;
		};
		5A90771C2F7142240026035B /* Debug */ = {
			isa = XCBuildConfiguration;
			buildSettings = {
				ASSETCATALOG_COMPILER_GLOBAL_ACCENT_COLOR_NAME = AccentColor;
				ASSETCATALOG_COMPILER_WIDGET_BACKGROUND_COLOR_NAME = WidgetBackground;
				CODE_SIGN_STYLE = Automatic;
				CURRENT_PROJECT_VERSION = 1;
				DEVELOPMENT_TEAM = 444A3X9Q2Y;
				GENERATE_INFOPLIST_FILE = YES;
				INFOPLIST_FILE = RealityCheckWidget/Info.plist;
				INFOPLIST_KEY_CFBundleDisplayName = RealityCheckWidget;
				INFOPLIST_KEY_NSHumanReadableCopyright = "";
				IPHONEOS_DEPLOYMENT_TARGET = 26.2;
				LD_RUNPATH_SEARCH_PATHS = (
					"$(inherited)",
					"@executable_path/Frameworks",
					"@executable_path/../../Frameworks",
				);
				MACOSX_DEPLOYMENT_TARGET = 26.2;
				MARKETING_VERSION = 1.0;
				PRODUCT_BUNDLE_IDENTIFIER = com.quannh.RealityCheck.RealityCheckWidget;
				PRODUCT_NAME = "$(TARGET_NAME)";
				SDKROOT = auto;
				SKIP_INSTALL = YES;
				STRING_CATALOG_GENERATE_SYMBOLS = YES;
				SUPPORTED_PLATFORMS = "iphoneos iphonesimulator macosx";
				SWIFT_APPROACHABLE_CONCURRENCY = YES;
				SWIFT_EMIT_LOC_STRINGS = YES;
				SWIFT_UPCOMING_FEATURE_MEMBER_IMPORT_VISIBILITY = YES;
				SWIFT_VERSION = 5.0;
				TARGETED_DEVICE_FAMILY = "1,2";
			};
			name = Debug;
		};
		5A90771D2F7142240026035B /* Release */ = {
			isa = XCBuildConfiguration;
			buildSettings = {
				ASSETCATALOG_COMPILER_GLOBAL_ACCENT_COLOR_NAME = AccentColor;
				ASSETCATALOG_COMPILER_WIDGET_BACKGROUND_COLOR_NAME = WidgetBackground;
				CODE_SIGN_STYLE = Automatic;
				CURRENT_PROJECT_VERSION = 1;
				DEVELOPMENT_TEAM = 444A3X9Q2Y;
				GENERATE_INFOPLIST_FILE = YES;
				INFOPLIST_FILE = RealityCheckWidget/Info.plist;
				INFOPLIST_KEY_CFBundleDisplayName = RealityCheckWidget;
				INFOPLIST_KEY_NSHumanReadableCopyright = "";
				IPHONEOS_DEPLOYMENT_TARGET = 26.2;
				LD_RUNPATH_SEARCH_PATHS = (
					"$(inherited)",
					"@executable_path/Frameworks",
					"@executable_path/../../Frameworks",
				);
				MACOSX_DEPLOYMENT_TARGET = 26.2;
				MARKETING_VERSION = 1.0;
				PRODUCT_BUNDLE_IDENTIFIER = com.quannh.RealityCheck.RealityCheckWidget;
				PRODUCT_NAME = "$(TARGET_NAME)";
				SDKROOT = auto;
				SKIP_INSTALL = YES;
				STRING_CATALOG_GENERATE_SYMBOLS = YES;
				SUPPORTED_PLATFORMS = "iphoneos iphonesimulator macosx";
				SWIFT_APPROACHABLE_CONCURRENCY = YES;
				SWIFT_EMIT_LOC_STRINGS = YES;
				SWIFT_UPCOMING_FEATURE_MEMBER_IMPORT_VISIBILITY = YES;
				SWIFT_VERSION = 5.0;
				TARGETED_DEVICE_FAMILY = "1,2";
				VALIDATE_PRODUCT = YES;
			};
			name = Release;
		};
/* End XCBuildConfiguration section */

/* Begin XCConfigurationList section */
		5A9076C52F7141A80026035B /* Build configuration list for PBXProject "RealityCheck" */ = {
			isa = XCConfigurationList;
			buildConfigurations = (
				5A9076EB2F7141AA0026035B /* Debug */,
				5A9076EC2F7141AA0026035B /* Release */,
			);
			defaultConfigurationIsVisible = 0;
			defaultConfigurationName = Release;
		};
		5A9076ED2F7141AA0026035B /* Build configuration list for PBXNativeTarget "RealityCheck" */ = {
			isa = XCConfigurationList;
			buildConfigurations = (
				5A9076EE2F7141AA0026035B /* Debug */,
				5A9076EF2F7141AA0026035B /* Release */,
			);
			defaultConfigurationIsVisible = 0;
			defaultConfigurationName = Release;
		};
		5A9076F02F7141AA0026035B /* Build configuration list for PBXNativeTarget "RealityCheckTests" */ = {
			isa = XCConfigurationList;
			buildConfigurations = (
				5A9076F12F7141AA0026035B /* Debug */,
				5A9076F22F7141AA0026035B /* Release */,
			);
			defaultConfigurationIsVisible = 0;
			defaultConfigurationName = Release;
		};
		5A9076F32F7141AA0026035B /* Build configuration list for PBXNativeTarget "RealityCheckUITests" */ = {
			isa = XCConfigurationList;
			buildConfigurations = (
				5A9076F42F7141AA0026035B /* Debug */,
				5A9076F52F7141AA0026035B /* Release */,
			);
			defaultConfigurationIsVisible = 0;
			defaultConfigurationName = Release;
		};
		5A90771F2F7142240026035B /* Build configuration list for PBXNativeTarget "RealityCheckWidgetExtension" */ = {
			isa = XCConfigurationList;
			buildConfigurations = (
				5A90771C2F7142240026035B /* Debug */,
				5A90771D2F7142240026035B /* Release */,
			);
			defaultConfigurationIsVisible = 0;
			defaultConfigurationName = Release;
		};
/* End XCConfigurationList section */

/* Begin XCRemoteSwiftPackageReference section */
		F3A5D6AD2E67424E87133DBA /* XCRemoteSwiftPackageReference "DebugSwift" */ = {
			isa = XCRemoteSwiftPackageReference;
			repositoryURL = "https://github.com/DebugSwift/DebugSwift";
			requirement = {
				kind = revision;
				revision = dcab247caa279bc039513909742f0664c67035d1;
			};
		};
		F4E54217D5BF435194F51ACC /* XCRemoteSwiftPackageReference "SwiftLint" */ = {
			isa = XCRemoteSwiftPackageReference;
			repositoryURL = "https://github.com/realm/SwiftLint";
			requirement = {
				kind = upToNextMajorVersion;
				minimumVersion = 0.57.0;
			};
		};
/* End XCRemoteSwiftPackageReference section */

/* Begin XCSwiftPackageProductDependency section */
		95D755F3518F4EAF8F5E7EC9 /* DebugSwift */ = {
			isa = XCSwiftPackageProductDependency;
			package = F3A5D6AD2E67424E87133DBA /* XCRemoteSwiftPackageReference "DebugSwift" */;
			productName = DebugSwift;
		};
/* End XCSwiftPackageProductDependency section */
	};
	rootObject = 5A9076C22F7141A80026035B /* Project object */;
}
